
Microsoft Visual Studio Solution File, Format Version 12.00
# Visual Studio 2013
VisualStudioVersion = 12.0.21005.1
MinimumVisualStudioVersion = 10.0.40219.1
Project("{FAE04EC0-301F-11D3-BF4B-00C04F79EFBC}") = "JeffWilcox.PhoneThemeManager", "JeffWilcox.PhoneThemeManager.csproj", "{3D73EF05-F343-4CB4-9A84-81AF86BC12AF}"
EndProject
Project("{2150E333-8FDC-42A3-9474-1A3956D46DE8}") = "NuGet", "NuGet", "{B21BD3A6-C25E-462B-BDE0-E7D5815540C8}"
	ProjectSection(SolutionItems) = preProject
		..\..\nuget\build.cmd = ..\..\nuget\build.cmd
		..\..\nuget\PhoneThemeManager\PhoneThemeManager.nuspec = ..\..\nuget\PhoneThemeManager\PhoneThemeManager.nuspec
		..\..\nuget\PhoneThemeManager.Source\PhoneThemeManager.Source.nuspec = ..\..\nuget\PhoneThemeManager.Source\PhoneThemeManager.Source.nuspec
	EndProjectSection
EndProject
Global
	GlobalSection(SolutionConfigurationPlatforms) = preSolution
		Debug|Any CPU = Debug|Any CPU
		Debug|ARM = Debug|ARM
		Debug|x86 = Debug|x86
		Release|Any CPU = Release|Any CPU
		Release|ARM = Release|ARM
		Release|x86 = Release|x86
	EndGlobalSection
	GlobalSection(ProjectConfigurationPlatforms) = postSolution
		{3D73EF05-F343-4CB4-9A84-81AF86BC12AF}.Debug|Any CPU.ActiveCfg = Debug|Any CPU
		{3D73EF05-F343-4CB4-9A84-81AF86BC12AF}.Debug|Any CPU.Build.0 = Debug|Any CPU
		{3D73EF05-F343-4CB4-9A84-81AF86BC12AF}.Debug|ARM.ActiveCfg = Debug|ARM
		{3D73EF05-F343-4CB4-9A84-81AF86BC12AF}.Debug|ARM.Build.0 = Debug|ARM
		{3D73EF05-F343-4CB4-9A84-81AF86BC12AF}.Debug|x86.ActiveCfg = Debug|x86
		{3D73EF05-F343-4CB4-9A84-81AF86BC12AF}.Debug|x86.Build.0 = Debug|x86
		{3D73EF05-F343-4CB4-9A84-81AF86BC12AF}.Release|Any CPU.ActiveCfg = Release|Any CPU
		{3D73EF05-F343-4CB4-9A84-81AF86BC12AF}.Release|Any CPU.Build.0 = Release|Any CPU
		{3D73EF05-F343-4CB4-9A84-81AF86BC12AF}.Release|ARM.ActiveCfg = Release|ARM
		{3D73EF05-F343-4CB4-9A84-81AF86BC12AF}.Release|ARM.Build.0 = Release|ARM
		{3D73EF05-F343-4CB4-9A84-81AF86BC12AF}.Release|x86.ActiveCfg = Release|x86
		{3D73EF05-F343-4CB4-9A84-81AF86BC12AF}.Release|x86.Build.0 = Release|x86
	EndGlobalSection
	GlobalSection(SolutionProperties) = preSolution
		HideSolutionNode = FALSE
	EndGlobalSection
EndGlobal
